// !$*UTF8*$!
{
	archiveVersion = 1;
	classes = {
	};
	objectVersion = 56;
	objects = {

/* Begin PBXBuildFile section */
		4C32606A2BEE4B1600D04CB9 /* FavoritesVC.swift in Sources */ = {isa = PBXBuildFile; fileRef = 4C3260692BEE4B1600D04CB9 /* FavoritesVC.swift */; };
		4C5356862BEF2BBA00DF655E /* FavoritesVM.swift in Sources */ = {isa = PBXBuildFile; fileRef = 4C5356852BEF2BBA00DF655E /* FavoritesVM.swift */; };
		4C5356882BEF2DA300DF655E /* Alamofire in Frameworks */ = {isa = PBXBuildFile; productRef = 4C5356872BEF2DA300DF655E /* Alamofire */; };
		4C53568A2BEF2DA300DF655E /* AlamofireDynamic in Frameworks */ = {isa = PBXBuildFile; productRef = 4C5356892BEF2DA300DF655E /* AlamofireDynamic */; };
		4C53568C2BEF6C4000DF655E /* Kingfisher in Frameworks */ = {isa = PBXBuildFile; productRef = 4C53568B2BEF6C4000DF655E /* Kingfisher */; };
		4CA80EE72BEDCBE0005202B7 /* AppDelegate.swift in Sources */ = {isa = PBXBuildFile; fileRef = 4CA80EE62BEDCBE0005202B7 /* AppDelegate.swift */; };
		4CA80EE92BEDCBE0005202B7 /* SceneDelegate.swift in Sources */ = {isa = PBXBuildFile; fileRef = 4CA80EE82BEDCBE0005202B7 /* SceneDelegate.swift */; };
		4CA80EEB2BEDCBE0005202B7 /* ViewController.swift in Sources */ = {isa = PBXBuildFile; fileRef = 4CA80EEA2BEDCBE0005202B7 /* ViewController.swift */; };
		4CA80EEE2BEDCBE0005202B7 /* Base in Resources */ = {isa = PBXBuildFile; fileRef = 4CA80EED2BEDCBE0005202B7 /* Base */; };
		4CA80EF12BEDCBE0005202B7 /* SportsApp.xcdatamodeld in Sources */ = {isa = PBXBuildFile; fileRef = 4CA80EEF2BEDCBE0005202B7 /* SportsApp.xcdatamodeld */; };
		4CA80EF32BEDCBE3005202B7 /* Assets.xcassets in Resources */ = {isa = PBXBuildFile; fileRef = 4CA80EF22BEDCBE3005202B7 /* Assets.xcassets */; };
		4CA80EF62BEDCBE3005202B7 /* Base in Resources */ = {isa = PBXBuildFile; fileRef = 4CA80EF52BEDCBE3005202B7 /* Base */; };
		4CA80F012BEDCBE4005202B7 /* SportsAppTests.swift in Sources */ = {isa = PBXBuildFile; fileRef = 4CA80F002BEDCBE4005202B7 /* SportsAppTests.swift */; };
		4CA80F0B2BEDCBE4005202B7 /* SportsAppUITests.swift in Sources */ = {isa = PBXBuildFile; fileRef = 4CA80F0A2BEDCBE4005202B7 /* SportsAppUITests.swift */; };
		4CA80F0D2BEDCBE4005202B7 /* SportsAppUITestsLaunchTests.swift in Sources */ = {isa = PBXBuildFile; fileRef = 4CA80F0C2BEDCBE4005202B7 /* SportsAppUITestsLaunchTests.swift */; };
		4CA80F1E2BEDCCFE005202B7 /* Storyboard.storyboard in Resources */ = {isa = PBXBuildFile; fileRef = 4CA80F1D2BEDCCFE005202B7 /* Storyboard.storyboard */; };
		4CA80F212BEDCD9E005202B7 /* Sports.swift in Sources */ = {isa = PBXBuildFile; fileRef = 4CA80F202BEDCD9E005202B7 /* Sports.swift */; };
		4CA80F252BEDCE06005202B7 /* League.swift in Sources */ = {isa = PBXBuildFile; fileRef = 4CA80F242BEDCE06005202B7 /* League.swift */; };
		4CA80F282BEDCE27005202B7 /* Event.swift in Sources */ = {isa = PBXBuildFile; fileRef = 4CA80F272BEDCE27005202B7 /* Event.swift */; };
		4CA80F2A2BEDCFC0005202B7 /* Match.swift in Sources */ = {isa = PBXBuildFile; fileRef = 4CA80F292BEDCFC0005202B7 /* Match.swift */; };
		4CA80F2C2BEDCFDB005202B7 /* Team.swift in Sources */ = {isa = PBXBuildFile; fileRef = 4CA80F2B2BEDCFDB005202B7 /* Team.swift */; };
		4CA80F2F2BEDD042005202B7 /* CoreDataManager.swift in Sources */ = {isa = PBXBuildFile; fileRef = 4CA80F2E2BEDD042005202B7 /* CoreDataManager.swift */; };
		4CA80F312BEDD056005202B7 /* NetworkService.swift in Sources */ = {isa = PBXBuildFile; fileRef = 4CA80F302BEDD056005202B7 /* NetworkService.swift */; };
		4CA80F472BEDD7AF005202B7 /* GifHelper.swift in Sources */ = {isa = PBXBuildFile; fileRef = 4CA80F462BEDD7AF005202B7 /* GifHelper.swift */; };
		4CA80F492BEDD807005202B7 /* ReadMe.. .swift in Sources */ = {isa = PBXBuildFile; fileRef = 4CA80F482BEDD807005202B7 /* ReadMe.. .swift */; };
		4CA80F512BEDDA2C005202B7 /* ReachabilityService.swift in Sources */ = {isa = PBXBuildFile; fileRef = 4CA80F502BEDDA2C005202B7 /* ReachabilityService.swift */; };
		4CA80F542BEDDAAA005202B7 /* FavoriteLeagueModel.swift in Sources */ = {isa = PBXBuildFile; fileRef = 4CA80F532BEDDAAA005202B7 /* FavoriteLeagueModel.swift */; };
		4CA80F572BEDDB25005202B7 /* SportsVC.swift in Sources */ = {isa = PBXBuildFile; fileRef = 4CA80F562BEDDB25005202B7 /* SportsVC.swift */; };
		4CA80F592BEDEAA7005202B7 /* intro.gif in Resources */ = {isa = PBXBuildFile; fileRef = 4CA80F582BEDEAA6005202B7 /* intro.gif */; };
		4CA80F5C2BEE0F64005202B7 /* Constants.swift in Sources */ = {isa = PBXBuildFile; fileRef = 4CA80F5B2BEE0F64005202B7 /* Constants.swift */; };
		4CA80F612BEE181F005202B7 /* Foot Ball.gif in Resources */ = {isa = PBXBuildFile; fileRef = 4CA80F5E2BEE181F005202B7 /* Foot Ball.gif */; };
		4CA80F622BEE181F005202B7 /* Tennis.gif in Resources */ = {isa = PBXBuildFile; fileRef = 4CA80F5F2BEE181F005202B7 /* Tennis.gif */; };
		4CA80F632BEE181F005202B7 /* Basket ball.gif in Resources */ = {isa = PBXBuildFile; fileRef = 4CA80F602BEE181F005202B7 /* Basket ball.gif */; };
/* End PBXBuildFile section */

/* Begin PBXContainerItemProxy section */
		4CA80EFD2BEDCBE4005202B7 /* PBXContainerItemProxy */ = {
			isa = PBXContainerItemProxy;
			containerPortal = 4CA80EDB2BEDCBE0005202B7 /* Project object */;
			proxyType = 1;
			remoteGlobalIDString = 4CA80EE22BEDCBE0005202B7;
			remoteInfo = SportsApp;
		};
		4CA80F072BEDCBE4005202B7 /* PBXContainerItemProxy */ = {
			isa = PBXContainerItemProxy;
			containerPortal = 4CA80EDB2BEDCBE0005202B7 /* Project object */;
			proxyType = 1;
			remoteGlobalIDString = 4CA80EE22BEDCBE0005202B7;
			remoteInfo = SportsApp;
		};
/* End PBXContainerItemProxy section */

/* Begin PBXFileReference section */
		4C3260692BEE4B1600D04CB9 /* FavoritesVC.swift */ = {isa = PBXFileReference; lastKnownFileType = sourcecode.swift; path = FavoritesVC.swift; sourceTree = "<group>"; };
		4C5356852BEF2BBA00DF655E /* FavoritesVM.swift */ = {isa = PBXFileReference; lastKnownFileType = sourcecode.swift; path = FavoritesVM.swift; sourceTree = "<group>"; };
		4CA80EE32BEDCBE0005202B7 /* SportsHub.app */ = {isa = PBXFileReference; explicitFileType = wrapper.application; includeInIndex = 0; path = SportsHub.app; sourceTree = BUILT_PRODUCTS_DIR; };
		4CA80EE62BEDCBE0005202B7 /* AppDelegate.swift */ = {isa = PBXFileReference; lastKnownFileType = sourcecode.swift; path = AppDelegate.swift; sourceTree = "<group>"; };
		4CA80EE82BEDCBE0005202B7 /* SceneDelegate.swift */ = {isa = PBXFileReference; lastKnownFileType = sourcecode.swift; path = SceneDelegate.swift; sourceTree = "<group>"; };
		4CA80EEA2BEDCBE0005202B7 /* ViewController.swift */ = {isa = PBXFileReference; lastKnownFileType = sourcecode.swift; path = ViewController.swift; sourceTree = "<group>"; };
		4CA80EED2BEDCBE0005202B7 /* Base */ = {isa = PBXFileReference; lastKnownFileType = file.storyboard; name = Base; path = Base.lproj/Main.storyboard; sourceTree = "<group>"; };
		4CA80EF02BEDCBE0005202B7 /* SportsApp.xcdatamodel */ = {isa = PBXFileReference; lastKnownFileType = wrapper.xcdatamodel; path = SportsApp.xcdatamodel; sourceTree = "<group>"; };
		4CA80EF22BEDCBE3005202B7 /* Assets.xcassets */ = {isa = PBXFileReference; lastKnownFileType = folder.assetcatalog; path = Assets.xcassets; sourceTree = "<group>"; };
		4CA80EF52BEDCBE3005202B7 /* Base */ = {isa = PBXFileReference; lastKnownFileType = file.storyboard; name = Base; path = Base.lproj/LaunchScreen.storyboard; sourceTree = "<group>"; };
		4CA80EF72BEDCBE3005202B7 /* Info.plist */ = {isa = PBXFileReference; lastKnownFileType = text.plist.xml; path = Info.plist; sourceTree = "<group>"; };
		4CA80EFC2BEDCBE4005202B7 /* SportsAppTests.xctest */ = {isa = PBXFileReference; explicitFileType = wrapper.cfbundle; includeInIndex = 0; path = SportsAppTests.xctest; sourceTree = BUILT_PRODUCTS_DIR; };
		4CA80F002BEDCBE4005202B7 /* SportsAppTests.swift */ = {isa = PBXFileReference; lastKnownFileType = sourcecode.swift; path = SportsAppTests.swift; sourceTree = "<group>"; };
		4CA80F062BEDCBE4005202B7 /* SportsAppUITests.xctest */ = {isa = PBXFileReference; explicitFileType = wrapper.cfbundle; includeInIndex = 0; path = SportsAppUITests.xctest; sourceTree = BUILT_PRODUCTS_DIR; };
		4CA80F0A2BEDCBE4005202B7 /* SportsAppUITests.swift */ = {isa = PBXFileReference; lastKnownFileType = sourcecode.swift; path = SportsAppUITests.swift; sourceTree = "<group>"; };
		4CA80F0C2BEDCBE4005202B7 /* SportsAppUITestsLaunchTests.swift */ = {isa = PBXFileReference; lastKnownFileType = sourcecode.swift; path = SportsAppUITestsLaunchTests.swift; sourceTree = "<group>"; };
		4CA80F1D2BEDCCFE005202B7 /* Storyboard.storyboard */ = {isa = PBXFileReference; lastKnownFileType = file.storyboard; path = Storyboard.storyboard; sourceTree = "<group>"; };
		4CA80F202BEDCD9E005202B7 /* Sports.swift */ = {isa = PBXFileReference; lastKnownFileType = sourcecode.swift; path = Sports.swift; sourceTree = "<group>"; };
		4CA80F242BEDCE06005202B7 /* League.swift */ = {isa = PBXFileReference; lastKnownFileType = sourcecode.swift; path = League.swift; sourceTree = "<group>"; };
		4CA80F272BEDCE27005202B7 /* Event.swift */ = {isa = PBXFileReference; lastKnownFileType = sourcecode.swift; path = Event.swift; sourceTree = "<group>"; };
		4CA80F292BEDCFC0005202B7 /* Match.swift */ = {isa = PBXFileReference; lastKnownFileType = sourcecode.swift; path = Match.swift; sourceTree = "<group>"; };
		4CA80F2B2BEDCFDB005202B7 /* Team.swift */ = {isa = PBXFileReference; lastKnownFileType = sourcecode.swift; path = Team.swift; sourceTree = "<group>"; };
		4CA80F2E2BEDD042005202B7 /* CoreDataManager.swift */ = {isa = PBXFileReference; lastKnownFileType = sourcecode.swift; path = CoreDataManager.swift; sourceTree = "<group>"; };
		4CA80F302BEDD056005202B7 /* NetworkService.swift */ = {isa = PBXFileReference; lastKnownFileType = sourcecode.swift; path = NetworkService.swift; sourceTree = "<group>"; };
		4CA80F462BEDD7AF005202B7 /* GifHelper.swift */ = {isa = PBXFileReference; lastKnownFileType = sourcecode.swift; path = GifHelper.swift; sourceTree = "<group>"; };
		4CA80F482BEDD807005202B7 /* ReadMe.. .swift */ = {isa = PBXFileReference; lastKnownFileType = sourcecode.swift; path = "ReadMe.. .swift"; sourceTree = "<group>"; };
		4CA80F502BEDDA2C005202B7 /* ReachabilityService.swift */ = {isa = PBXFileReference; lastKnownFileType = sourcecode.swift; path = ReachabilityService.swift; sourceTree = "<group>"; };
		4CA80F532BEDDAAA005202B7 /* FavoriteLeagueModel.swift */ = {isa = PBXFileReference; lastKnownFileType = sourcecode.swift; path = FavoriteLeagueModel.swift; sourceTree = "<group>"; };
		4CA80F562BEDDB25005202B7 /* SportsVC.swift */ = {isa = PBXFileReference; lastKnownFileType = sourcecode.swift; path = SportsVC.swift; sourceTree = "<group>"; };
		4CA80F582BEDEAA6005202B7 /* intro.gif */ = {isa = PBXFileReference; lastKnownFileType = image.gif; path = intro.gif; sourceTree = "<group>"; };
		4CA80F5B2BEE0F64005202B7 /* Constants.swift */ = {isa = PBXFileReference; lastKnownFileType = sourcecode.swift; path = Constants.swift; sourceTree = "<group>"; };
		4CA80F5E2BEE181F005202B7 /* Foot Ball.gif */ = {isa = PBXFileReference; lastKnownFileType = image.gif; path = "Foot Ball.gif"; sourceTree = "<group>"; };
		4CA80F5F2BEE181F005202B7 /* Tennis.gif */ = {isa = PBXFileReference; lastKnownFileType = image.gif; path = Tennis.gif; sourceTree = "<group>"; };
		4CA80F602BEE181F005202B7 /* Basket ball.gif */ = {isa = PBXFileReference; lastKnownFileType = image.gif; path = "Basket ball.gif"; sourceTree = "<group>"; };
/* End PBXFileReference section */

/* Begin PBXFrameworksBuildPhase section */
		4CA80EE02BEDCBE0005202B7 /* Frameworks */ = {
			isa = PBXFrameworksBuildPhase;
			buildActionMask = 2147483647;
			files = (
				4C53568C2BEF6C4000DF655E /* Kingfisher in Frameworks */,
				4C5356882BEF2DA300DF655E /* Alamofire in Frameworks */,
				4C53568A2BEF2DA300DF655E /* AlamofireDynamic in Frameworks */,
			);
			runOnlyForDeploymentPostprocessing = 0;
		};
		4CA80EF92BEDCBE4005202B7 /* Frameworks */ = {
			isa = PBXFrameworksBuildPhase;
			buildActionMask = 2147483647;
			files = (
			);
			runOnlyForDeploymentPostprocessing = 0;
		};
		4CA80F032BEDCBE4005202B7 /* Frameworks */ = {
			isa = PBXFrameworksBuildPhase;
			buildActionMask = 2147483647;
			files = (
			);
			runOnlyForDeploymentPostprocessing = 0;
		};
/* End PBXFrameworksBuildPhase section */

/* Begin PBXGroup section */
		4CA80EDA2BEDCBE0005202B7 = {
			isa = PBXGroup;
			children = (
				4CA80EE52BEDCBE0005202B7 /* SportsApp */,
				4CA80EFF2BEDCBE4005202B7 /* SportsAppTests */,
				4CA80F092BEDCBE4005202B7 /* SportsAppUITests */,
				4CA80EE42BEDCBE0005202B7 /* Products */,
			);
			sourceTree = "<group>";
		};
		4CA80EE42BEDCBE0005202B7 /* Products */ = {
			isa = PBXGroup;
			children = (
				4CA80EE32BEDCBE0005202B7 /* SportsHub.app */,
				4CA80EFC2BEDCBE4005202B7 /* SportsAppTests.xctest */,
				4CA80F062BEDCBE4005202B7 /* SportsAppUITests.xctest */,
			);
			name = Products;
			sourceTree = "<group>";
		};
		4CA80EE52BEDCBE0005202B7 /* SportsApp */ = {
			isa = PBXGroup;
			children = (
				4CA80F2D2BEDCFEC005202B7 /* Services */,
				4CA80F322BEDD270005202B7 /* Sports */,
				4CA80F332BEDD27C005202B7 /* Leagues */,
				4CA80F342BEDD28C005202B7 /* LeagueDetails */,
				4CA80F4C2BEDD9CB005202B7 /* Favorites */,
				4CA80EE62BEDCBE0005202B7 /* AppDelegate.swift */,
				4CA80EE82BEDCBE0005202B7 /* SceneDelegate.swift */,
				4CA80F3F2BEDD4F0005202B7 /* HelperMethods */,
				4CA80EF22BEDCBE3005202B7 /* Assets.xcassets */,
				4CA80F1B2BEDCCB6005202B7 /* Welly-MainBord */,
				4CA80EF72BEDCBE3005202B7 /* Info.plist */,
				4CA80F1C2BEDCCD4005202B7 /* Anas-MainBord */,
				4CA80EEF2BEDCBE0005202B7 /* SportsApp.xcdatamodeld */,
			);
			path = SportsApp;
			sourceTree = "<group>";
		};
		4CA80EFF2BEDCBE4005202B7 /* SportsAppTests */ = {
			isa = PBXGroup;
			children = (
				4CA80F002BEDCBE4005202B7 /* SportsAppTests.swift */,
			);
			path = SportsAppTests;
			sourceTree = "<group>";
		};
		4CA80F092BEDCBE4005202B7 /* SportsAppUITests */ = {
			isa = PBXGroup;
			children = (
				4CA80F0A2BEDCBE4005202B7 /* SportsAppUITests.swift */,
				4CA80F0C2BEDCBE4005202B7 /* SportsAppUITestsLaunchTests.swift */,
			);
			path = SportsAppUITests;
			sourceTree = "<group>";
		};
		4CA80F1B2BEDCCB6005202B7 /* Welly-MainBord */ = {
			isa = PBXGroup;
			children = (
				4CA80F1D2BEDCCFE005202B7 /* Storyboard.storyboard */,
				4CA80F482BEDD807005202B7 /* ReadMe.. .swift */,
			);
			path = "Welly-MainBord";
			sourceTree = "<group>";
		};
		4CA80F1C2BEDCCD4005202B7 /* Anas-MainBord */ = {
			isa = PBXGroup;
			children = (
				4CA80F5D2BEE17FE005202B7 /* Gifs */,
				4CA80EEC2BEDCBE0005202B7 /* Main.storyboard */,
				4CA80EF42BEDCBE3005202B7 /* LaunchScreen.storyboard */,
			);
			path = "Anas-MainBord";
			sourceTree = "<group>";
		};
		4CA80F2D2BEDCFEC005202B7 /* Services */ = {
			isa = PBXGroup;
			children = (
				4CA80F2E2BEDD042005202B7 /* CoreDataManager.swift */,
				4CA80F302BEDD056005202B7 /* NetworkService.swift */,
				4CA80F502BEDDA2C005202B7 /* ReachabilityService.swift */,
			);
			path = Services;
			sourceTree = "<group>";
		};
		4CA80F322BEDD270005202B7 /* Sports */ = {
			isa = PBXGroup;
			children = (
				4CA80F352BEDD2E6005202B7 /* SportsModel */,
				4CA80F362BEDD2FC005202B7 /* SportsVM */,
				4CA80F372BEDD308005202B7 /* SportsView */,
			);
			path = Sports;
			sourceTree = "<group>";
		};
		4CA80F332BEDD27C005202B7 /* Leagues */ = {
			isa = PBXGroup;
			children = (
				4CA80F392BEDD3FC005202B7 /* LeaguesModel */,
				4CA80F3B2BEDD435005202B7 /* LeaguesVM */,
				4CA80F3A2BEDD414005202B7 /* LeaguesView */,
			);
			path = Leagues;
			sourceTree = "<group>";
		};
		4CA80F342BEDD28C005202B7 /* LeagueDetails */ = {
			isa = PBXGroup;
			children = (
				4CA80F3E2BEDD4B6005202B7 /* DetailsModel */,
				4CA80F3D2BEDD4B1005202B7 /* DetailsVM */,
				4CA80F3C2BEDD491005202B7 /* DetailsView */,
			);
			path = LeagueDetails;
			sourceTree = "<group>";
		};
		4CA80F352BEDD2E6005202B7 /* SportsModel */ = {
			isa = PBXGroup;
			children = (
				4CA80F202BEDCD9E005202B7 /* Sports.swift */,
			);
			path = SportsModel;
			sourceTree = "<group>";
		};
		4CA80F362BEDD2FC005202B7 /* SportsVM */ = {
			isa = PBXGroup;
			children = (
			);
			path = SportsVM;
			sourceTree = "<group>";
		};
		4CA80F372BEDD308005202B7 /* SportsView */ = {
			isa = PBXGroup;
			children = (
				4CA80F562BEDDB25005202B7 /* SportsVC.swift */,
			);
			path = SportsView;
			sourceTree = "<group>";
		};
		4CA80F392BEDD3FC005202B7 /* LeaguesModel */ = {
			isa = PBXGroup;
			children = (
				4CA80F242BEDCE06005202B7 /* League.swift */,
			);
			path = LeaguesModel;
			sourceTree = "<group>";
		};
		4CA80F3A2BEDD414005202B7 /* LeaguesView */ = {
			isa = PBXGroup;
			children = (
			);
			path = LeaguesView;
			sourceTree = "<group>";
		};
		4CA80F3B2BEDD435005202B7 /* LeaguesVM */ = {
			isa = PBXGroup;
			children = (
			);
			path = LeaguesVM;
			sourceTree = "<group>";
		};
		4CA80F3C2BEDD491005202B7 /* DetailsView */ = {
			isa = PBXGroup;
			children = (
			);
			path = DetailsView;
			sourceTree = "<group>";
		};
		4CA80F3D2BEDD4B1005202B7 /* DetailsVM */ = {
			isa = PBXGroup;
			children = (
			);
			path = DetailsVM;
			sourceTree = "<group>";
		};
		4CA80F3E2BEDD4B6005202B7 /* DetailsModel */ = {
			isa = PBXGroup;
			children = (
				4CA80F272BEDCE27005202B7 /* Event.swift */,
				4CA80F292BEDCFC0005202B7 /* Match.swift */,
				4CA80F2B2BEDCFDB005202B7 /* Team.swift */,
			);
			path = DetailsModel;
			sourceTree = "<group>";
		};
		4CA80F3F2BEDD4F0005202B7 /* HelperMethods */ = {
			isa = PBXGroup;
			children = (
				4CA80F5A2BEE0F3B005202B7 /* Constants */,
				4CA80F452BEDD78E005202B7 /* GifCode */,
				4CA80F402BEDD504005202B7 /* KingfisherMethod */,
			);
			path = HelperMethods;
			sourceTree = "<group>";
		};
		4CA80F402BEDD504005202B7 /* KingfisherMethod */ = {
			isa = PBXGroup;
			children = (
			);
			path = KingfisherMethod;
			sourceTree = "<group>";
		};
		4CA80F452BEDD78E005202B7 /* GifCode */ = {
			isa = PBXGroup;
			children = (
				4CA80EEA2BEDCBE0005202B7 /* ViewController.swift */,
				4CA80F462BEDD7AF005202B7 /* GifHelper.swift */,
			);
			path = GifCode;
			sourceTree = "<group>";
		};
		4CA80F4C2BEDD9CB005202B7 /* Favorites */ = {
			isa = PBXGroup;
			children = (
				4CA80F4F2BEDD9F3005202B7 /* FavoritesModel */,
				4CA80F4E2BEDD9EE005202B7 /* FavoritesVM */,
				4CA80F4D2BEDD9DB005202B7 /* FavoritesView */,
			);
			path = Favorites;
			sourceTree = "<group>";
		};
		4CA80F4D2BEDD9DB005202B7 /* FavoritesView */ = {
			isa = PBXGroup;
			children = (
				4C3260692BEE4B1600D04CB9 /* FavoritesVC.swift */,
			);
			path = FavoritesView;
			sourceTree = "<group>";
		};
		4CA80F4E2BEDD9EE005202B7 /* FavoritesVM */ = {
			isa = PBXGroup;
			children = (
				4C5356852BEF2BBA00DF655E /* FavoritesVM.swift */,
			);
			path = FavoritesVM;
			sourceTree = "<group>";
		};
		4CA80F4F2BEDD9F3005202B7 /* FavoritesModel */ = {
			isa = PBXGroup;
			children = (
				4CA80F532BEDDAAA005202B7 /* FavoriteLeagueModel.swift */,
			);
			path = FavoritesModel;
			sourceTree = "<group>";
		};
		4CA80F5A2BEE0F3B005202B7 /* Constants */ = {
			isa = PBXGroup;
			children = (
				4CA80F5B2BEE0F64005202B7 /* Constants.swift */,
			);
			path = Constants;
			sourceTree = "<group>";
		};
		4CA80F5D2BEE17FE005202B7 /* Gifs */ = {
			isa = PBXGroup;
			children = (
				4CA80F602BEE181F005202B7 /* Basket ball.gif */,
				4CA80F5E2BEE181F005202B7 /* Foot Ball.gif */,
				4CA80F5F2BEE181F005202B7 /* Tennis.gif */,
				4CA80F582BEDEAA6005202B7 /* intro.gif */,
			);
			path = Gifs;
			sourceTree = "<group>";
		};
/* End PBXGroup section */

/* Begin PBXNativeTarget section */
		4CA80EE22BEDCBE0005202B7 /* SportsHub */ = {
			isa = PBXNativeTarget;
			buildConfigurationList = 4CA80F102BEDCBE4005202B7 /* Build configuration list for PBXNativeTarget "SportsHub" */;
			buildPhases = (
				4CA80EDF2BEDCBE0005202B7 /* Sources */,
				4CA80EE02BEDCBE0005202B7 /* Frameworks */,
				4CA80EE12BEDCBE0005202B7 /* Resources */,
			);
			buildRules = (
			);
			dependencies = (
			);
			name = SportsHub;
			packageProductDependencies = (
				4C5356872BEF2DA300DF655E /* Alamofire */,
				4C5356892BEF2DA300DF655E /* AlamofireDynamic */,
				4C53568B2BEF6C4000DF655E /* Kingfisher */,
			);
			productName = SportsApp;
			productReference = 4CA80EE32BEDCBE0005202B7 /* SportsHub.app */;
			productType = "com.apple.product-type.application";
		};
		4CA80EFB2BEDCBE4005202B7 /* SportsAppTests */ = {
			isa = PBXNativeTarget;
			buildConfigurationList = 4CA80F132BEDCBE4005202B7 /* Build configuration list for PBXNativeTarget "SportsAppTests" */;
			buildPhases = (
				4CA80EF82BEDCBE4005202B7 /* Sources */,
				4CA80EF92BEDCBE4005202B7 /* Frameworks */,
				4CA80EFA2BEDCBE4005202B7 /* Resources */,
			);
			buildRules = (
			);
			dependencies = (
				4CA80EFE2BEDCBE4005202B7 /* PBXTargetDependency */,
			);
			name = SportsAppTests;
			productName = SportsAppTests;
			productReference = 4CA80EFC2BEDCBE4005202B7 /* SportsAppTests.xctest */;
			productType = "com.apple.product-type.bundle.unit-test";
		};
		4CA80F052BEDCBE4005202B7 /* SportsAppUITests */ = {
			isa = PBXNativeTarget;
			buildConfigurationList = 4CA80F162BEDCBE4005202B7 /* Build configuration list for PBXNativeTarget "SportsAppUITests" */;
			buildPhases = (
				4CA80F022BEDCBE4005202B7 /* Sources */,
				4CA80F032BEDCBE4005202B7 /* Frameworks */,
				4CA80F042BEDCBE4005202B7 /* Resources */,
			);
			buildRules = (
			);
			dependencies = (
				4CA80F082BEDCBE4005202B7 /* PBXTargetDependency */,
			);
			name = SportsAppUITests;
			productName = SportsAppUITests;
			productReference = 4CA80F062BEDCBE4005202B7 /* SportsAppUITests.xctest */;
			productType = "com.apple.product-type.bundle.ui-testing";
		};
/* End PBXNativeTarget section */

/* Begin PBXProject section */
		4CA80EDB2BEDCBE0005202B7 /* Project object */ = {
			isa = PBXProject;
			attributes = {
				BuildIndependentTargetsInParallel = 1;
				LastSwiftUpdateCheck = 1530;
				LastUpgradeCheck = 1530;
				TargetAttributes = {
					4CA80EE22BEDCBE0005202B7 = {
						CreatedOnToolsVersion = 15.3;
					};
					4CA80EFB2BEDCBE4005202B7 = {
						CreatedOnToolsVersion = 15.3;
						TestTargetID = 4CA80EE22BEDCBE0005202B7;
					};
					4CA80F052BEDCBE4005202B7 = {
						CreatedOnToolsVersion = 15.3;
						TestTargetID = 4CA80EE22BEDCBE0005202B7;
					};
				};
			};
			buildConfigurationList = 4CA80EDE2BEDCBE0005202B7 /* Build configuration list for PBXProject "SportsHub" */;
			compatibilityVersion = "Xcode 14.0";
			developmentRegion = en;
			hasScannedForEncodings = 0;
			knownRegions = (
				en,
				Base,
			);
			mainGroup = 4CA80EDA2BEDCBE0005202B7;
			packageReferences = (
				4CA80F192BEDCC49005202B7 /* XCRemoteSwiftPackageReference "Alamofire" */,
				4CA80F1A2BEDCC93005202B7 /* XCRemoteSwiftPackageReference "Kingfisher" */,
			);
			productRefGroup = 4CA80EE42BEDCBE0005202B7 /* Products */;
			projectDirPath = "";
			projectRoot = "";
			targets = (
				4CA80EE22BEDCBE0005202B7 /* SportsHub */,
				4CA80EFB2BEDCBE4005202B7 /* SportsAppTests */,
				4CA80F052BEDCBE4005202B7 /* SportsAppUITests */,
			);
		};
/* End PBXProject section */

/* Begin PBXResourcesBuildPhase section */
		4CA80EE12BEDCBE0005202B7 /* Resources */ = {
			isa = PBXResourcesBuildPhase;
			buildActionMask = 2147483647;
			files = (
				4CA80F632BEE181F005202B7 /* Basket ball.gif in Resources */,
				4CA80EF32BEDCBE3005202B7 /* Assets.xcassets in Resources */,
				4CA80F1E2BEDCCFE005202B7 /* Storyboard.storyboard in Resources */,
				4CA80F612BEE181F005202B7 /* Foot Ball.gif in Resources */,
				4CA80EF62BEDCBE3005202B7 /* Base in Resources */,
				4CA80EEE2BEDCBE0005202B7 /* Base in Resources */,
				4CA80F592BEDEAA7005202B7 /* intro.gif in Resources */,
				4CA80F622BEE181F005202B7 /* Tennis.gif in Resources */,
			);
			runOnlyForDeploymentPostprocessing = 0;
		};
		4CA80EFA2BEDCBE4005202B7 /* Resources */ = {
			isa = PBXResourcesBuildPhase;
			buildActionMask = 2147483647;
			files = (
			);
			runOnlyForDeploymentPostprocessing = 0;
		};
		4CA80F042BEDCBE4005202B7 /* Resources */ = {
			isa = PBXResourcesBuildPhase;
			buildActionMask = 2147483647;
			files = (
			);
			runOnlyForDeploymentPostprocessing = 0;
		};
/* End PBXResourcesBuildPhase section */

/* Begin PBXSourcesBuildPhase section */
		4CA80EDF2BEDCBE0005202B7 /* Sources */ = {
			isa = PBXSourcesBuildPhase;
			buildActionMask = 2147483647;
			files = (
				4CA80F512BEDDA2C005202B7 /* ReachabilityService.swift in Sources */,
				4CA80F312BEDD056005202B7 /* NetworkService.swift in Sources */,
				4C5356862BEF2BBA00DF655E /* FavoritesVM.swift in Sources */,
				4CA80F2C2BEDCFDB005202B7 /* Team.swift in Sources */,
				4CA80F542BEDDAAA005202B7 /* FavoriteLeagueModel.swift in Sources */,
				4CA80EEB2BEDCBE0005202B7 /* ViewController.swift in Sources */,
				4CA80F212BEDCD9E005202B7 /* Sports.swift in Sources */,
				4C32606A2BEE4B1600D04CB9 /* FavoritesVC.swift in Sources */,
				4CA80EE72BEDCBE0005202B7 /* AppDelegate.swift in Sources */,
				4CA80F2A2BEDCFC0005202B7 /* Match.swift in Sources */,
				4CA80EF12BEDCBE0005202B7 /* SportsApp.xcdatamodeld in Sources */,
				4CA80F252BEDCE06005202B7 /* League.swift in Sources */,
				4CA80F472BEDD7AF005202B7 /* GifHelper.swift in Sources */,
				4CA80F5C2BEE0F64005202B7 /* Constants.swift in Sources */,
				4CA80F282BEDCE27005202B7 /* Event.swift in Sources */,
				4CA80F2F2BEDD042005202B7 /* CoreDataManager.swift in Sources */,
				4CA80F572BEDDB25005202B7 /* SportsVC.swift in Sources */,
				4CA80F492BEDD807005202B7 /* ReadMe.. .swift in Sources */,
				4CA80EE92BEDCBE0005202B7 /* SceneDelegate.swift in Sources */,
			);
			runOnlyForDeploymentPostprocessing = 0;
		};
		4CA80EF82BEDCBE4005202B7 /* Sources */ = {
			isa = PBXSourcesBuildPhase;
			buildActionMask = 2147483647;
			files = (
				4CA80F012BEDCBE4005202B7 /* SportsAppTests.swift in Sources */,
			);
			runOnlyForDeploymentPostprocessing = 0;
		};
		4CA80F022BEDCBE4005202B7 /* Sources */ = {
			isa = PBXSourcesBuildPhase;
			buildActionMask = 2147483647;
			files = (
				4CA80F0B2BEDCBE4005202B7 /* SportsAppUITests.swift in Sources */,
				4CA80F0D2BEDCBE4005202B7 /* SportsAppUITestsLaunchTests.swift in Sources */,
			);
			runOnlyForDeploymentPostprocessing = 0;
		};
/* End PBXSourcesBuildPhase section */

/* Begin PBXTargetDependency section */
		4CA80EFE2BEDCBE4005202B7 /* PBXTargetDependency */ = {
			isa = PBXTargetDependency;
			target = 4CA80EE22BEDCBE0005202B7 /* SportsHub */;
			targetProxy = 4CA80EFD2BEDCBE4005202B7 /* PBXContainerItemProxy */;
		};
		4CA80F082BEDCBE4005202B7 /* PBXTargetDependency */ = {
			isa = PBXTargetDependency;
			target = 4CA80EE22BEDCBE0005202B7 /* SportsHub */;
			targetProxy = 4CA80F072BEDCBE4005202B7 /* PBXContainerItemProxy */;
		};
/* End PBXTargetDependency section */

/* Begin PBXVariantGroup section */
		4CA80EEC2BEDCBE0005202B7 /* Main.storyboard */ = {
			isa = PBXVariantGroup;
			children = (
				4CA80EED2BEDCBE0005202B7 /* Base */,
			);
			name = Main.storyboard;
			sourceTree = "<group>";
		};
		4CA80EF42BEDCBE3005202B7 /* LaunchScreen.storyboard */ = {
			isa = PBXVariantGroup;
			children = (
				4CA80EF52BEDCBE3005202B7 /* Base */,
			);
			name = LaunchScreen.storyboard;
			sourceTree = "<group>";
		};
/* End PBXVariantGroup section */

/* Begin XCBuildConfiguration section */
		4CA80F0E2BEDCBE4005202B7 /* Debug */ = {
			isa = XCBuildConfiguration;
			buildSettings = {
				ALWAYS_SEARCH_USER_PATHS = NO;
				ASSETCATALOG_COMPILER_GENERATE_SWIFT_ASSET_SYMBOL_EXTENSIONS = YES;
				CLANG_ANALYZER_NONNULL = YES;
				CLANG_ANALYZER_NUMBER_OBJECT_CONVERSION = YES_AGGRESSIVE;
				CLANG_CXX_LANGUAGE_STANDARD = "gnu++20";
				CLANG_ENABLE_MODULES = YES;
				CLANG_ENABLE_OBJC_ARC = YES;
				CLANG_ENABLE_OBJC_WEAK = YES;
				CLANG_WARN_BLOCK_CAPTURE_AUTORELEASING = YES;
				CLANG_WARN_BOOL_CONVERSION = YES;
				CLANG_WARN_COMMA = YES;
				CLANG_WARN_CONSTANT_CONVERSION = YES;
				CLANG_WARN_DEPRECATED_OBJC_IMPLEMENTATIONS = YES;
				CLANG_WARN_DIRECT_OBJC_ISA_USAGE = YES_ERROR;
				CLANG_WARN_DOCUMENTATION_COMMENTS = YES;
				CLANG_WARN_EMPTY_BODY = YES;
				CLANG_WARN_ENUM_CONVERSION = YES;
				CLANG_WARN_INFINITE_RECURSION = YES;
				CLANG_WARN_INT_CONVERSION = YES;
				CLANG_WARN_NON_LITERAL_NULL_CONVERSION = YES;
				CLANG_WARN_OBJC_IMPLICIT_RETAIN_SELF = YES;
				CLANG_WARN_OBJC_LITERAL_CONVERSION = YES;
				CLANG_WARN_OBJC_ROOT_CLASS = YES_ERROR;
				CLANG_WARN_QUOTED_INCLUDE_IN_FRAMEWORK_HEADER = YES;
				CLANG_WARN_RANGE_LOOP_ANALYSIS = YES;
				CLANG_WARN_STRICT_PROTOTYPES = YES;
				CLANG_WARN_SUSPICIOUS_MOVE = YES;
				CLANG_WARN_UNGUARDED_AVAILABILITY = YES_AGGRESSIVE;
				CLANG_WARN_UNREACHABLE_CODE = YES;
				CLANG_WARN__DUPLICATE_METHOD_MATCH = YES;
				COPY_PHASE_STRIP = NO;
				DEBUG_INFORMATION_FORMAT = dwarf;
				ENABLE_STRICT_OBJC_MSGSEND = YES;
				ENABLE_TESTABILITY = YES;
				ENABLE_USER_SCRIPT_SANDBOXING = YES;
				GCC_C_LANGUAGE_STANDARD = gnu17;
				GCC_DYNAMIC_NO_PIC = NO;
				GCC_NO_COMMON_BLOCKS = YES;
				GCC_OPTIMIZATION_LEVEL = 0;
				GCC_PREPROCESSOR_DEFINITIONS = (
					"DEBUG=1",
					"$(inherited)",
				);
				GCC_WARN_64_TO_32_BIT_CONVERSION = YES;
				GCC_WARN_ABOUT_RETURN_TYPE = YES_ERROR;
				GCC_WARN_UNDECLARED_SELECTOR = YES;
				GCC_WARN_UNINITIALIZED_AUTOS = YES_AGGRESSIVE;
				GCC_WARN_UNUSED_FUNCTION = YES;
				GCC_WARN_UNUSED_VARIABLE = YES;
				IPHONEOS_DEPLOYMENT_TARGET = 17.4;
				LOCALIZATION_PREFERS_STRING_CATALOGS = YES;
				MTL_ENABLE_DEBUG_INFO = INCLUDE_SOURCE;
				MTL_FAST_MATH = YES;
				ONLY_ACTIVE_ARCH = YES;
				SDKROOT = iphoneos;
				SWIFT_ACTIVE_COMPILATION_CONDITIONS = "DEBUG $(inherited)";
				SWIFT_OPTIMIZATION_LEVEL = "-Onone";
			};
			name = Debug;
		};
		4CA80F0F2BEDCBE4005202B7 /* Release */ = {
			isa = XCBuildConfiguration;
			buildSettings = {
				ALWAYS_SEARCH_USER_PATHS = NO;
				ASSETCATALOG_COMPILER_GENERATE_SWIFT_ASSET_SYMBOL_EXTENSIONS = YES;
				CLANG_ANALYZER_NONNULL = YES;
				CLANG_ANALYZER_NUMBER_OBJECT_CONVERSION = YES_AGGRESSIVE;
				CLANG_CXX_LANGUAGE_STANDARD = "gnu++20";
				CLANG_ENABLE_MODULES = YES;
				CLANG_ENABLE_OBJC_ARC = YES;
				CLANG_ENABLE_OBJC_WEAK = YES;
				CLANG_WARN_BLOCK_CAPTURE_AUTORELEASING = YES;
				CLANG_WARN_BOOL_CONVERSION = YES;
				CLANG_WARN_COMMA = YES;
				CLANG_WARN_CONSTANT_CONVERSION = YES;
				CLANG_WARN_DEPRECATED_OBJC_IMPLEMENTATIONS = YES;
				CLANG_WARN_DIRECT_OBJC_ISA_USAGE = YES_ERROR;
				CLANG_WARN_DOCUMENTATION_COMMENTS = YES;
				CLANG_WARN_EMPTY_BODY = YES;
				CLANG_WARN_ENUM_CONVERSION = YES;
				CLANG_WARN_INFINITE_RECURSION = YES;
				CLANG_WARN_INT_CONVERSION = YES;
				CLANG_WARN_NON_LITERAL_NULL_CONVERSION = YES;
				CLANG_WARN_OBJC_IMPLICIT_RETAIN_SELF = YES;
				CLANG_WARN_OBJC_LITERAL_CONVERSION = YES;
				CLANG_WARN_OBJC_ROOT_CLASS = YES_ERROR;
				CLANG_WARN_QUOTED_INCLUDE_IN_FRAMEWORK_HEADER = YES;
				CLANG_WARN_RANGE_LOOP_ANALYSIS = YES;
				CLANG_WARN_STRICT_PROTOTYPES = YES;
				CLANG_WARN_SUSPICIOUS_MOVE = YES;
				CLANG_WARN_UNGUARDED_AVAILABILITY = YES_AGGRESSIVE;
				CLANG_WARN_UNREACHABLE_CODE = YES;
				CLANG_WARN__DUPLICATE_METHOD_MATCH = YES;
				COPY_PHASE_STRIP = NO;
				DEBUG_INFORMATION_FORMAT = "dwarf-with-dsym";
				ENABLE_NS_ASSERTIONS = NO;
				ENABLE_STRICT_OBJC_MSGSEND = YES;
				ENABLE_USER_SCRIPT_SANDBOXING = YES;
				GCC_C_LANGUAGE_STANDARD = gnu17;
				GCC_NO_COMMON_BLOCKS = YES;
				GCC_WARN_64_TO_32_BIT_CONVERSION = YES;
				GCC_WARN_ABOUT_RETURN_TYPE = YES_ERROR;
				GCC_WARN_UNDECLARED_SELECTOR = YES;
				GCC_WARN_UNINITIALIZED_AUTOS = YES_AGGRESSIVE;
				GCC_WARN_UNUSED_FUNCTION = YES;
				GCC_WARN_UNUSED_VARIABLE = YES;
				IPHONEOS_DEPLOYMENT_TARGET = 17.4;
				LOCALIZATION_PREFERS_STRING_CATALOGS = YES;
				MTL_ENABLE_DEBUG_INFO = NO;
				MTL_FAST_MATH = YES;
				SDKROOT = iphoneos;
				SWIFT_COMPILATION_MODE = wholemodule;
				VALIDATE_PRODUCT = YES;
			};
			name = Release;
		};
		4CA80F112BEDCBE4005202B7 /* Debug */ = {
			isa = XCBuildConfiguration;
			buildSettings = {
				ASSETCATALOG_COMPILER_APPICON_NAME = AppIcon;
				ASSETCATALOG_COMPILER_GLOBAL_ACCENT_COLOR_NAME = AccentColor;
				CODE_SIGN_STYLE = Automatic;
				CURRENT_PROJECT_VERSION = 1;
				GENERATE_INFOPLIST_FILE = YES;
				INFOPLIST_FILE = SportsApp/Info.plist;
				INFOPLIST_KEY_UIApplicationSupportsIndirectInputEvents = YES;
				INFOPLIST_KEY_UILaunchStoryboardName = LaunchScreen;
				INFOPLIST_KEY_UIMainStoryboardFile = Main;
				INFOPLIST_KEY_UISupportedInterfaceOrientations_iPad = "UIInterfaceOrientationPortrait UIInterfaceOrientationPortraitUpsideDown UIInterfaceOrientationLandscapeLeft UIInterfaceOrientationLandscapeRight";
				INFOPLIST_KEY_UISupportedInterfaceOrientations_iPhone = "UIInterfaceOrientationPortrait UIInterfaceOrientationLandscapeLeft UIInterfaceOrientationLandscapeRight";
				LD_RUNPATH_SEARCH_PATHS = (
					"$(inherited)",
					"@executable_path/Frameworks",
				);
				MARKETING_VERSION = 1.0;
				PRODUCT_BUNDLE_IDENTIFIER = iTi.SportsApp;
				PRODUCT_NAME = "$(TARGET_NAME)";
				SWIFT_EMIT_LOC_STRINGS = YES;
				SWIFT_VERSION = 5.0;
				TARGETED_DEVICE_FAMILY = "1,2";
			};
			name = Debug;
		};
		4CA80F122BEDCBE4005202B7 /* Release */ = {
			isa = XCBuildConfiguration;
			buildSettings = {
				ASSETCATALOG_COMPILER_APPICON_NAME = AppIcon;
				ASSETCATALOG_COMPILER_GLOBAL_ACCENT_COLOR_NAME = AccentColor;
				CODE_SIGN_STYLE = Automatic;
				CURRENT_PROJECT_VERSION = 1;
				GENERATE_INFOPLIST_FILE = YES;
				INFOPLIST_FILE = SportsApp/Info.plist;
				INFOPLIST_KEY_UIApplicationSupportsIndirectInputEvents = YES;
				INFOPLIST_KEY_UILaunchStoryboardName = LaunchScreen;
				INFOPLIST_KEY_UIMainStoryboardFile = Main;
				INFOPLIST_KEY_UISupportedInterfaceOrientations_iPad = "UIInterfaceOrientationPortrait UIInterfaceOrientationPortraitUpsideDown UIInterfaceOrientationLandscapeLeft UIInterfaceOrientationLandscapeRight";
				INFOPLIST_KEY_UISupportedInterfaceOrientations_iPhone = "UIInterfaceOrientationPortrait UIInterfaceOrientationLandscapeLeft UIInterfaceOrientationLandscapeRight";
				LD_RUNPATH_SEARCH_PATHS = (
					"$(inherited)",
					"@executable_path/Frameworks",
				);
				MARKETING_VERSION = 1.0;
				PRODUCT_BUNDLE_IDENTIFIER = iTi.SportsApp;
				PRODUCT_NAME = "$(TARGET_NAME)";
				SWIFT_EMIT_LOC_STRINGS = YES;
				SWIFT_VERSION = 5.0;
				TARGETED_DEVICE_FAMILY = "1,2";
			};
			name = Release;
		};
		4CA80F142BEDCBE4005202B7 /* Debug */ = {
			isa = XCBuildConfiguration;
			buildSettings = {
				ALWAYS_EMBED_SWIFT_STANDARD_LIBRARIES = YES;
				BUNDLE_LOADER = "$(TEST_HOST)";
				CODE_SIGN_STYLE = Automatic;
				CURRENT_PROJECT_VERSION = 1;
				GENERATE_INFOPLIST_FILE = YES;
				IPHONEOS_DEPLOYMENT_TARGET = 17.4;
				MARKETING_VERSION = 1.0;
				PRODUCT_BUNDLE_IDENTIFIER = iTi.SportsAppTests;
				PRODUCT_NAME = "$(TARGET_NAME)";
				SWIFT_EMIT_LOC_STRINGS = NO;
				SWIFT_VERSION = 5.0;
				TARGETED_DEVICE_FAMILY = "1,2";
				TEST_HOST = "$(BUILT_PRODUCTS_DIR)/SportsApp.app/$(BUNDLE_EXECUTABLE_FOLDER_PATH)/SportsApp";
			};
			name = Debug;
		};
		4CA80F152BEDCBE4005202B7 /* Release */ = {
			isa = XCBuildConfiguration;
			buildSettings = {
				ALWAYS_EMBED_SWIFT_STANDARD_LIBRARIES = YES;
				BUNDLE_LOADER = "$(TEST_HOST)";
				CODE_SIGN_STYLE = Automatic;
				CURRENT_PROJECT_VERSION = 1;
				GENERATE_INFOPLIST_FILE = YES;
				IPHONEOS_DEPLOYMENT_TARGET = 17.4;
				MARKETING_VERSION = 1.0;
				PRODUCT_BUNDLE_IDENTIFIER = iTi.SportsAppTests;
				PRODUCT_NAME = "$(TARGET_NAME)";
				SWIFT_EMIT_LOC_STRINGS = NO;
				SWIFT_VERSION = 5.0;
				TARGETED_DEVICE_FAMILY = "1,2";
				TEST_HOST = "$(BUILT_PRODUCTS_DIR)/SportsApp.app/$(BUNDLE_EXECUTABLE_FOLDER_PATH)/SportsApp";
			};
			name = Release;
		};
		4CA80F172BEDCBE4005202B7 /* Debug */ = {
			isa = XCBuildConfiguration;
			buildSettings = {
				ALWAYS_EMBED_SWIFT_STANDARD_LIBRARIES = YES;
				CODE_SIGN_STYLE = Automatic;
				CURRENT_PROJECT_VERSION = 1;
				GENERATE_INFOPLIST_FILE = YES;
				MARKETING_VERSION = 1.0;
				PRODUCT_BUNDLE_IDENTIFIER = iTi.SportsAppUITests;
				PRODUCT_NAME = "$(TARGET_NAME)";
				SWIFT_EMIT_LOC_STRINGS = NO;
				SWIFT_VERSION = 5.0;
				TARGETED_DEVICE_FAMILY = "1,2";
				TEST_TARGET_NAME = SportsApp;
			};
			name = Debug;
		};
		4CA80F182BEDCBE4005202B7 /* Release */ = {
			isa = XCBuildConfiguration;
			buildSettings = {
				ALWAYS_EMBED_SWIFT_STANDARD_LIBRARIES = YES;
				CODE_SIGN_STYLE = Automatic;
				CURRENT_PROJECT_VERSION = 1;
				GENERATE_INFOPLIST_FILE = YES;
				MARKETING_VERSION = 1.0;
				PRODUCT_BUNDLE_IDENTIFIER = iTi.SportsAppUITests;
				PRODUCT_NAME = "$(TARGET_NAME)";
				SWIFT_EMIT_LOC_STRINGS = NO;
				SWIFT_VERSION = 5.0;
				TARGETED_DEVICE_FAMILY = "1,2";
				TEST_TARGET_NAME = SportsApp;
			};
			name = Release;
		};
/* End XCBuildConfiguration section */

/* Begin XCConfigurationList section */
		4CA80EDE2BEDCBE0005202B7 /* Build configuration list for PBXProject "SportsHub" */ = {
			isa = XCConfigurationList;
			buildConfigurations = (
				4CA80F0E2BEDCBE4005202B7 /* Debug */,
				4CA80F0F2BEDCBE4005202B7 /* Release */,
			);
			defaultConfigurationIsVisible = 0;
			defaultConfigurationName = Release;
		};
		4CA80F102BEDCBE4005202B7 /* Build configuration list for PBXNativeTarget "SportsHub" */ = {
			isa = XCConfigurationList;
			buildConfigurations = (
				4CA80F112BEDCBE4005202B7 /* Debug */,
				4CA80F122BEDCBE4005202B7 /* Release */,
			);
			defaultConfigurationIsVisible = 0;
			defaultConfigurationName = Release;
		};
		4CA80F132BEDCBE4005202B7 /* Build configuration list for PBXNativeTarget "SportsAppTests" */ = {
			isa = XCConfigurationList;
			buildConfigurations = (
				4CA80F142BEDCBE4005202B7 /* Debug */,
				4CA80F152BEDCBE4005202B7 /* Release */,
			);
			defaultConfigurationIsVisible = 0;
			defaultConfigurationName = Release;
		};
		4CA80F162BEDCBE4005202B7 /* Build configuration list for PBXNativeTarget "SportsAppUITests" */ = {
			isa = XCConfigurationList;
			buildConfigurations = (
				4CA80F172BEDCBE4005202B7 /* Debug */,
				4CA80F182BEDCBE4005202B7 /* Release */,
			);
			defaultConfigurationIsVisible = 0;
			defaultConfigurationName = Release;
		};
/* End XCConfigurationList section */

/* Begin XCRemoteSwiftPackageReference section */
		4CA80F192BEDCC49005202B7 /* XCRemoteSwiftPackageReference "Alamofire" */ = {
			isa = XCRemoteSwiftPackageReference;
			repositoryURL = "https://github.com/Alamofire/Alamofire.git";
			requirement = {
				kind = upToNextMajorVersion;
				minimumVersion = 5.9.1;
			};
		};
		4CA80F1A2BEDCC93005202B7 /* XCRemoteSwiftPackageReference "Kingfisher" */ = {
			isa = XCRemoteSwiftPackageReference;
			repositoryURL = "https://github.com/onevcat/Kingfisher.git";
			requirement = {
				kind = upToNextMajorVersion;
				minimumVersion = 7.11.0;
			};
		};
/* End XCRemoteSwiftPackageReference section */

/* Begin XCSwiftPackageProductDependency section */
		4C5356872BEF2DA300DF655E /* Alamofire */ = {
			isa = XCSwiftPackageProductDependency;
			package = 4CA80F192BEDCC49005202B7 /* XCRemoteSwiftPackageReference "Alamofire" */;
			productName = Alamofire;
		};
		4C5356892BEF2DA300DF655E /* AlamofireDynamic */ = {
			isa = XCSwiftPackageProductDependency;
			package = 4CA80F192BEDCC49005202B7 /* XCRemoteSwiftPackageReference "Alamofire" */;
			productName = AlamofireDynamic;
		};
		4C53568B2BEF6C4000DF655E /* Kingfisher */ = {
			isa = XCSwiftPackageProductDependency;
			package = 4CA80F1A2BEDCC93005202B7 /* XCRemoteSwiftPackageReference "Kingfisher" */;
			productName = Kingfisher;
		};
/* End XCSwiftPackageProductDependency section */

/* Begin XCVersionGroup section */
		4CA80EEF2BEDCBE0005202B7 /* SportsApp.xcdatamodeld */ = {
			isa = XCVersionGroup;
			children = (
				4CA80EF02BEDCBE0005202B7 /* SportsApp.xcdatamodel */,
			);
			currentVersion = 4CA80EF02BEDCBE0005202B7 /* SportsApp.xcdatamodel */;
			path = SportsApp.xcdatamodeld;
			sourceTree = "<group>";
			versionGroupType = wrapper.xcdatamodel;
		};
/* End XCVersionGroup section */
	};
	rootObject = 4CA80EDB2BEDCBE0005202B7 /* Project object */;
}
